
Microsoft Visual Studio Solution File, Format Version 12.00
# Visual Studio 15
VisualStudioVersion = 15.0.28307.168
MinimumVisualStudioVersion = 10.0.40219.1
Project("{9A19103F-16F7-4668-BE54-9A1E7A4F7556}") = "CommandSequenceParser", "CommandSequenceParser\CommandSequenceParser.csproj", "{160E66FD-AE72-4EB5-9148-DEEBCD8B6063}"
EndProject
Project("{FAE04EC0-301F-11D3-BF4B-00C04F79EFBC}") = "Test", "Test\Test.csproj", "{56FC80B8-59A5-4E22-B410-B4FBA95FD467}"
EndProject
Global
	GlobalSection(SolutionConfigurationPlatforms) = preSolution
		Debug|Any CPU = Debug|Any CPU
		Release|Any CPU = Release|Any CPU
	EndGlobalSection
	GlobalSection(ProjectConfigurationPlatforms) = postSolution
		{160E66FD-AE72-4EB5-9148-DEEBCD8B6063}.Debug|Any CPU.ActiveCfg = Debug|Any CPU
		{160E66FD-AE72-4EB5-9148-DEEBCD8B6063}.Debug|Any CPU.Build.0 = Debug|Any CPU
		{160E66FD-AE72-4EB5-9148-DEEBCD8B6063}.Release|Any CPU.ActiveCfg = Release|Any CPU
		{160E66FD-AE72-4EB5-9148-DEEBCD8B6063}.Release|Any CPU.Build.0 = Release|Any CPU
		{56FC80B8-59A5-4E22-B410-B4FBA95FD467}.Debug|Any CPU.ActiveCfg = Debug|Any CPU
		{56FC80B8-59A5-4E22-B410-B4FBA95FD467}.Debug|Any CPU.Build.0 = Debug|Any CPU
		{56FC80B8-59A5-4E22-B410-B4FBA95FD467}.Release|Any CPU.ActiveCfg = Release|Any CPU
		{56FC80B8-59A5-4E22-B410-B4FBA95FD467}.Release|Any CPU.Build.0 = Release|Any CPU
	EndGlobalSection
	GlobalSection(SolutionProperties) = preSolution
		HideSolutionNode = FALSE
	EndGlobalSection
	GlobalSection(ExtensibilityGlobals) = postSolution
		SolutionGuid = {AC00841D-C7FE-418C-BD4E-53601239C79C}
	EndGlobalSection
EndGlobal
